
Microsoft Visual Studio Solution File, Format Version 12.00
# Visual Studio Version 17
VisualStudioVersion = 17.4.33110.190
MinimumVisualStudioVersion = 10.0.40219.1
Project("{FAE04EC0-301F-11D3-BF4B-00C04F79EFBC}") = "ConsoleApp1", "ConsoleApp1.csproj", "{94FAD1C5-157A-49C1-BB6C-29BE884CB449}"
EndProject
Global
	GlobalSection(SolutionConfigurationPlatforms) = preSolution
		Debug|Any CPU = Debug|Any CPU
		Release|Any CPU = Release|Any CPU
	EndGlobalSection
	GlobalSection(ProjectConfigurationPlatforms) = postSolution
		{94FAD1C5-157A-49C1-BB6C-29BE884CB449}.Debug|Any CPU.ActiveCfg = Debug|Any CPU
		{94FAD1C5-157A-49C1-BB6C-29BE884CB449}.Debug|Any CPU.Build.0 = Debug|Any CPU
		{94FAD1C5-157A-49C1-BB6C-29BE884CB449}.Release|Any CPU.ActiveCfg = Release|Any CPU
		{94FAD1C5-157A-49C1-BB6C-29BE884CB449}.Release|Any CPU.Build.0 = Release|Any CPU
	EndGlobalSection
	GlobalSection(SolutionProperties) = preSolution
		HideSolutionNode = FALSE
	EndGlobalSection
	GlobalSection(ExtensibilityGlobals) = postSolution
		SolutionGuid = {B94CD1DA-5D84-47D6-9206-A754F0581860}
	EndGlobalSection
EndGlobal
