
Microsoft Visual Studio Solution File, Format Version 12.00
# Visual Studio Version 17
VisualStudioVersion = 17.4.33110.190
MinimumVisualStudioVersion = 10.0.40219.1
Project("{FAE04EC0-301F-11D3-BF4B-00C04F79EFBC}") = "DataStructureUsingHashTables", "DataStructureUsingHashTables.csproj", "{1841ECDF-01ED-47FD-AF6E-F94BD25C4053}"
EndProject
Global
	GlobalSection(SolutionConfigurationPlatforms) = preSolution
		Debug|Any CPU = Debug|Any CPU
		Release|Any CPU = Release|Any CPU
	EndGlobalSection
	GlobalSection(ProjectConfigurationPlatforms) = postSolution
		{1841ECDF-01ED-47FD-AF6E-F94BD25C4053}.Debug|Any CPU.ActiveCfg = Debug|Any CPU
		{1841ECDF-01ED-47FD-AF6E-F94BD25C4053}.Debug|Any CPU.Build.0 = Debug|Any CPU
		{1841ECDF-01ED-47FD-AF6E-F94BD25C4053}.Release|Any CPU.ActiveCfg = Release|Any CPU
		{1841ECDF-01ED-47FD-AF6E-F94BD25C4053}.Release|Any CPU.Build.0 = Release|Any CPU
	EndGlobalSection
	GlobalSection(SolutionProperties) = preSolution
		HideSolutionNode = FALSE
	EndGlobalSection
	GlobalSection(ExtensibilityGlobals) = postSolution
		SolutionGuid = {F9CF493E-D322-4247-8039-4FADC0B5A21B}
	EndGlobalSection
EndGlobal
